
Microsoft Visual Studio Solution File, Format Version 12.00
# Visual Studio Version 17
VisualStudioVersion = 17.5.33516.290
MinimumVisualStudioVersion = 10.0.40219.1
Project("{FAE04EC0-301F-11D3-BF4B-00C04F79EFBC}") = "BigSun_CRUD_Task", "BigSun_CRUD_Task\BigSun_CRUD_Task.csproj", "{28DE231D-C9DE-48B2-86EF-5617C378B0BE}"
EndProject
Global
	GlobalSection(SolutionConfigurationPlatforms) = preSolution
		Debug|Any CPU = Debug|Any CPU
		Release|Any CPU = Release|Any CPU
	EndGlobalSection
	GlobalSection(ProjectConfigurationPlatforms) = postSolution
		{28DE231D-C9DE-48B2-86EF-5617C378B0BE}.Debug|Any CPU.ActiveCfg = Debug|Any CPU
		{28DE231D-C9DE-48B2-86EF-5617C378B0BE}.Debug|Any CPU.Build.0 = Debug|Any CPU
		{28DE231D-C9DE-48B2-86EF-5617C378B0BE}.Release|Any CPU.ActiveCfg = Release|Any CPU
		{28DE231D-C9DE-48B2-86EF-5617C378B0BE}.Release|Any CPU.Build.0 = Release|Any CPU
	EndGlobalSection
	GlobalSection(SolutionProperties) = preSolution
		HideSolutionNode = FALSE
	EndGlobalSection
	GlobalSection(ExtensibilityGlobals) = postSolution
		SolutionGuid = {871A7780-CE70-437E-95E3-40F2F0CBAF92}
	EndGlobalSection
EndGlobal
